
Microsoft Visual Studio Solution File, Format Version 12.00
# Visual Studio 2013
VisualStudioVersion = 12.0.30723.0
MinimumVisualStudioVersion = 10.0.40219.1
Project("{FAE04EC0-301F-11D3-BF4B-00C04F79EFBC}") = "BigA", "BigA\BigA.csproj", "{EB808B18-7A6A-408D-8426-089C5520BCF4}"
EndProject
Project("{FAE04EC0-301F-11D3-BF4B-00C04F79EFBC}") = "BigM", "BigM\BigM.csproj", "{8B534DC6-430E-482D-A795-2B561B98B39E}"
EndProject
Project("{FAE04EC0-301F-11D3-BF4B-00C04F79EFBC}") = "Common", "Common\Common.csproj", "{F43B9E51-781C-4347-A2D8-81539F41EBCF}"
EndProject
Global
	GlobalSection(SolutionConfigurationPlatforms) = preSolution
		Debug|Any CPU = Debug|Any CPU
		Release|Any CPU = Release|Any CPU
	EndGlobalSection
	GlobalSection(ProjectConfigurationPlatforms) = postSolution
		{EB808B18-7A6A-408D-8426-089C5520BCF4}.Debug|Any CPU.ActiveCfg = Debug|Any CPU
		{EB808B18-7A6A-408D-8426-089C5520BCF4}.Debug|Any CPU.Build.0 = Debug|Any CPU
		{EB808B18-7A6A-408D-8426-089C5520BCF4}.Release|Any CPU.ActiveCfg = Release|Any CPU
		{EB808B18-7A6A-408D-8426-089C5520BCF4}.Release|Any CPU.Build.0 = Release|Any CPU
		{8B534DC6-430E-482D-A795-2B561B98B39E}.Debug|Any CPU.ActiveCfg = Debug|Any CPU
		{8B534DC6-430E-482D-A795-2B561B98B39E}.Debug|Any CPU.Build.0 = Debug|Any CPU
		{8B534DC6-430E-482D-A795-2B561B98B39E}.Release|Any CPU.ActiveCfg = Release|Any CPU
		{8B534DC6-430E-482D-A795-2B561B98B39E}.Release|Any CPU.Build.0 = Release|Any CPU
		{F43B9E51-781C-4347-A2D8-81539F41EBCF}.Debug|Any CPU.ActiveCfg = Debug|Any CPU
		{F43B9E51-781C-4347-A2D8-81539F41EBCF}.Debug|Any CPU.Build.0 = Debug|Any CPU
		{F43B9E51-781C-4347-A2D8-81539F41EBCF}.Release|Any CPU.ActiveCfg = Release|Any CPU
		{F43B9E51-781C-4347-A2D8-81539F41EBCF}.Release|Any CPU.Build.0 = Release|Any CPU
	EndGlobalSection
	GlobalSection(SolutionProperties) = preSolution
		HideSolutionNode = FALSE
	EndGlobalSection
EndGlobal
